
Microsoft Visual Studio Solution File, Format Version 12.00
# Visual Studio Version 17
VisualStudioVersion = 17.10.34928.147
MinimumVisualStudioVersion = 10.0.40219.1
Project("{FAE04EC0-301F-11D3-BF4B-00C04F79EFBC}") = "AceInternship.RestApi", "AceInternship.RestApi\AceInternship.RestApi.csproj", "{86F2788C-3E78-4B2F-ACD5-C1B452B74666}"
EndProject
Global
	GlobalSection(SolutionConfigurationPlatforms) = preSolution
		Debug|Any CPU = Debug|Any CPU
		Release|Any CPU = Release|Any CPU
	EndGlobalSection
	GlobalSection(ProjectConfigurationPlatforms) = postSolution
		{86F2788C-3E78-4B2F-ACD5-C1B452B74666}.Debug|Any CPU.ActiveCfg = Debug|Any CPU
		{86F2788C-3E78-4B2F-ACD5-C1B452B74666}.Debug|Any CPU.Build.0 = Debug|Any CPU
		{86F2788C-3E78-4B2F-ACD5-C1B452B74666}.Release|Any CPU.ActiveCfg = Release|Any CPU
		{86F2788C-3E78-4B2F-ACD5-C1B452B74666}.Release|Any CPU.Build.0 = Release|Any CPU
	EndGlobalSection
	GlobalSection(SolutionProperties) = preSolution
		HideSolutionNode = FALSE
	EndGlobalSection
	GlobalSection(ExtensibilityGlobals) = postSolution
		SolutionGuid = {093BB029-5102-4EAA-A51C-238CA49972AA}
	EndGlobalSection
EndGlobal
